
Microsoft Visual Studio Solution File, Format Version 12.00
# Visual Studio Version 16
VisualStudioVersion = 16.0.32901.82
MinimumVisualStudioVersion = 10.0.40219.1
Project("{FAE04EC0-301F-11D3-BF4B-00C04F79EFBC}") = "Rsa_ibizi_lb4", "Rsa_ibizi_lb4\Rsa_ibizi_lb4.csproj", "{82E8B349-BEEF-4D62-92FC-2A847A2DA194}"
EndProject
Global
	GlobalSection(SolutionConfigurationPlatforms) = preSolution
		Debug|Any CPU = Debug|Any CPU
		Release|Any CPU = Release|Any CPU
	EndGlobalSection
	GlobalSection(ProjectConfigurationPlatforms) = postSolution
		{82E8B349-BEEF-4D62-92FC-2A847A2DA194}.Debug|Any CPU.ActiveCfg = Debug|Any CPU
		{82E8B349-BEEF-4D62-92FC-2A847A2DA194}.Debug|Any CPU.Build.0 = Debug|Any CPU
		{82E8B349-BEEF-4D62-92FC-2A847A2DA194}.Release|Any CPU.ActiveCfg = Release|Any CPU
		{82E8B349-BEEF-4D62-92FC-2A847A2DA194}.Release|Any CPU.Build.0 = Release|Any CPU
	EndGlobalSection
	GlobalSection(SolutionProperties) = preSolution
		HideSolutionNode = FALSE
	EndGlobalSection
	GlobalSection(ExtensibilityGlobals) = postSolution
		SolutionGuid = {779BF5DC-CF0E-43AC-83F9-34C2DDC14415}
	EndGlobalSection
EndGlobal
